
Microsoft Visual Studio Solution File, Format Version 12.00
# Visual Studio Version 17
VisualStudioVersion = 17.0.31903.59
MinimumVisualStudioVersion = 10.0.40219.1
Project("{FAE04EC0-301F-11D3-BF4B-00C04F79EFBC}") = "CSharpNSubstituteDemo", "CSharpNSubstituteDemo\CSharpNSubstituteDemo.csproj", "{CE585180-8655-49FB-A077-7626EE7C6941}"
EndProject
Project("{FAE04EC0-301F-11D3-BF4B-00C04F79EFBC}") = "CSharpNSubstituteDemoTests", "CSharpNSubstituteDemoTests\CSharpNSubstituteDemoTests.csproj", "{13BB215C-74D4-4925-9D0A-693E3B43386C}"
EndProject
Global
	GlobalSection(SolutionConfigurationPlatforms) = preSolution
		Debug|Any CPU = Debug|Any CPU
		Release|Any CPU = Release|Any CPU
	EndGlobalSection
	GlobalSection(SolutionProperties) = preSolution
		HideSolutionNode = FALSE
	EndGlobalSection
	GlobalSection(ProjectConfigurationPlatforms) = postSolution
		{CE585180-8655-49FB-A077-7626EE7C6941}.Debug|Any CPU.ActiveCfg = Debug|Any CPU
		{CE585180-8655-49FB-A077-7626EE7C6941}.Debug|Any CPU.Build.0 = Debug|Any CPU
		{CE585180-8655-49FB-A077-7626EE7C6941}.Release|Any CPU.ActiveCfg = Release|Any CPU
		{CE585180-8655-49FB-A077-7626EE7C6941}.Release|Any CPU.Build.0 = Release|Any CPU
		{13BB215C-74D4-4925-9D0A-693E3B43386C}.Debug|Any CPU.ActiveCfg = Debug|Any CPU
		{13BB215C-74D4-4925-9D0A-693E3B43386C}.Debug|Any CPU.Build.0 = Debug|Any CPU
		{13BB215C-74D4-4925-9D0A-693E3B43386C}.Release|Any CPU.ActiveCfg = Release|Any CPU
		{13BB215C-74D4-4925-9D0A-693E3B43386C}.Release|Any CPU.Build.0 = Release|Any CPU
	EndGlobalSection
EndGlobal
